lockfileVersion: '6.1'

settings:
  autoInstallPeers: true
  excludeLinksFromLockfile: false

dependencies:
  zod:
    specifier: ^3.21.4
    version: 3.21.4

devDependencies:
  '@lucactus/prettier':
    specifier: ^1.0.0
    version: 1.0.0
  typescript:
    specifier: ^5.1.3
    version: 5.1.3

packages:

  /@lucactus/prettier@1.0.0:
    resolution: {integrity: sha512-Kx6a/GECHvV52j6DwL8xiIxviH7QmBVc7uZjhPtPCAoUY7zvCiEoCzbEgXHwYzxDyKanphiVP6g8/P1xkirZmA==}
    dev: true

  /typescript@5.1.3:
    resolution: {integrity: sha512-XH627E9vkeqhlZFQuL+UsyAXEnibT0kWR2FWONlr4sTjvxyJYnyefgrkyECLzM5NenmKzRAy2rR/OlYLA1HkZw==}
    engines: {node: '>=14.17'}
    hasBin: true
    dev: true

  /zod@3.21.4:
    resolution: {integrity: sha512-m46AKbrzKVzOzs/DZgVnG5H55N1sv1M8qZU3A8RIKbs3mrACDNeIOeilDymVb2HdmP8uwshOCF4uJ8uM9rCqJw==}
    dev: false
