lockfileVersion: '6.0'

settings:
  autoInstallPeers: true
  excludeLinksFromLockfile: false

dependencies:
  '@lucactus/variables':
    specifier: ^1.0.3
    version: 1.0.3
  zod:
    specifier: 3.21.4
    version: 3.21.4

devDependencies:
  '@lucactus/prettier':
    specifier: ^1.0.0
    version: 1.0.0
  typescript:
    specifier: ^5.2.2
    version: 5.2.2

packages:

  /@lucactus/prettier@1.0.0:
    resolution: {integrity: sha512-Kx6a/GECHvV52j6DwL8xiIxviH7QmBVc7uZjhPtPCAoUY7zvCiEoCzbEgXHwYzxDyKanphiVP6g8/P1xkirZmA==}
    dev: true

  /@lucactus/variables@1.0.3:
    resolution: {integrity: sha512-nWEt44feuX+xSflVeUfYc+UTf9dWFcKHdOCbWHubJ8zIc+qYBTsYdWTWa55Jr4LJdPe4pDHLlju4GhHYSLPyug==}
    dev: false

  /typescript@5.2.2:
    resolution: {integrity: sha512-mI4WrpHsbCIcwT9cF4FZvr80QUeKvsUsUvKDoR+X/7XHQH98xYD8YHZg7ANtz2GtZt/CBq2QJ0thkGJMHfqc1w==}
    engines: {node: '>=14.17'}
    hasBin: true
    dev: true

  /zod@3.21.4:
    resolution: {integrity: sha512-m46AKbrzKVzOzs/DZgVnG5H55N1sv1M8qZU3A8RIKbs3mrACDNeIOeilDymVb2HdmP8uwshOCF4uJ8uM9rCqJw==}
    dev: false
